// !$*UTF8*$!
{
	archiveVersion = 1;
	classes = {
	};
	objectVersion = 46;
	objects = {

/* Begin PBXBuildFile section */
      	1E2E17AD131E8B5D0048F3C7 /* assets in Resources */ = {isa = PBXBuildFile; fileRef = 1E2E17A5131E8B5D0048F3C7 /* Data */; };
		1EEEBA9B121AF1C60048A9DF /* UIKit.framework in Frameworks */ = {isa = PBXBuildFile; fileRef = 1EEEBA9A121AF1C60048A9DF /* UIKit.framework */; };
		1EEEBAA3121AF2210048A9DF /* OpenAL.framework in Frameworks */ = {isa = PBXBuildFile; fileRef = 1EEEBAA2121AF2210048A9DF /* OpenAL.framework */; };
		1EEEBAA5121AF2210048A9DF /* OpenGLES.framework in Frameworks */ = {isa = PBXBuildFile; fileRef = 1EEEBAA4121AF2210048A9DF /* OpenGLES.framework */; };
		1EEEBAA7121AF2210048A9DF /* QuartzCore.framework in Frameworks */ = {isa = PBXBuildFile; fileRef = 1EEEBAA6121AF2210048A9DF /* QuartzCore.framework */; };
		1EEEBAB3121AF2880048A9DF /* CoreAudio.framework in Frameworks */ = {isa = PBXBuildFile; fileRef = 1EEEBAB2121AF2880048A9DF /* CoreAudio.framework */; };
		1EEEBAB5121AF2880048A9DF /* CoreGraphics.framework in Frameworks */ = {isa = PBXBuildFile; fileRef = 1EEEBAB4121AF2880048A9DF /* CoreGraphics.framework */; };
		1EEEBAFC121BE2980048A9DF /* AudioToolbox.framework in Frameworks */ = {isa = PBXBuildFile; fileRef = 1EEEBAFB121BE2980048A9DF /* AudioToolbox.framework */; };
		1EEEBAFE121BE2980048A9DF /* AVFoundation.framework in Frameworks */ = {isa = PBXBuildFile; fileRef = 1EEEBAFD121BE2980048A9DF /* AVFoundation.framework */; };
		1EEEBB00121BE2B30048A9DF /* Foundation.framework in Frameworks */ = {isa = PBXBuildFile; fileRef = 1EEEBAFF121BE2B30048A9DF /* Foundation.framework */; };
		::if (HAS_ICON)::
		1EF0A83A000000001C000001 /* Icon.png in Resources */ = {isa = PBXBuildFile; fileRef = 1EF0A83900000001C0000001 /* Icon.png */; };
		1EF0A83A000000001C000002 /* Icon@2x.png in Resources */ = {isa = PBXBuildFile; fileRef = 1EF0A83900000001C0000002 /* Icon@2x.png */; };
		1EF0A83A000000001C000003 /* Icon-72.png in Resources */ = {isa = PBXBuildFile; fileRef = 1EF0A83900000001C0000003 /* Icon-72.png */; };
		1EF0A83A000000001C000004 /* Icon-72@2x.png in Resources */ = {isa = PBXBuildFile; fileRef = 1EF0A83900000001C0000004 /* Icon-72@2x.png */; };
		::end::
		::if (HAS_LAUNCH_IMAGE)::
		1EF0A83A000000001C000005 /* Default.png in Resources */ = {isa = PBXBuildFile; fileRef = 1EF0A83900000001C0000005 /* Default.png */; };
		1EF0A83A000000001C000006 /* Default@2x.png in Resources */ = {isa = PBXBuildFile; fileRef = 1EF0A83900000001C0000006 /* Default@2x.png */; };
		1EF0A83A000000001C000007 /* Default-Portrait~ipad.png in Resources */ = {isa = PBXBuildFile; fileRef = 1EF0A83900000001C0000007 /* Default-Portrait~ipad.png */; };
		1EF0A83A000000001C000008 /* Default-Portrait@2x~ipad.png in Resources */ = {isa = PBXBuildFile; fileRef = 1EF0A83900000001C0000008 /* Default-Portrait@2x~ipad.png */; };
		1EF0A83A000000001C000009 /* Default-Landscape~ipad.png in Resources */ = {isa = PBXBuildFile; fileRef = 1EF0A83900000001C0000009 /* Default-Landscape~ipad.png */; };
		1EF0A83A000000001C000010 /* Default-Landscape@2x~ipad.png in Resources */ = {isa = PBXBuildFile; fileRef = 1EF0A83900000001C0000010 /* Default-Landscape@2x~ipad.png */; };
		::end::
		1EF0A83A121ADB8E003F2F59 /* Main.mm in Sources */ = {isa = PBXBuildFile; fileRef = 1EF0A839121ADB8E003F2F59 /* Main.mm */; };
		1EF0A83B121ADB8E003F2F59 /* haxe in Sources */ = {isa = PBXBuildFile; fileRef = 1E2E17A5141E8B5D0048F3C7 /* haxe */; };
		::ADDL_PBX_BUILD_FILE::

/* End PBXBuildFile section */

/* Begin PBXContainerItemProxy section */
		1EF0A882121AE1D2003F2F59 /* PBXContainerItemProxy */ = {
			isa = PBXContainerItemProxy;
			containerPortal = 29B97313FDCFA39411CA2CEA /* Project object */;
			proxyType = 1;
			remoteGlobalIDString = 1EF0A87F121AE1CE003F2F59;
			remoteInfo = "Build Haxe";
		};
/* End PBXContainerItemProxy section */

/* Begin PBXFileReference section */
		1D6058910D05DD3D006BFB54 /* "::APP_TITLE::.app" */ = {isa = PBXFileReference; explicitFileType = wrapper.application; includeInIndex = 0; path = "::APP_TITLE::.app"; sourceTree = BUILT_PRODUCTS_DIR; };
        1E2E17A5131E8B5D0048F3C7 /* assets */ = {isa = PBXFileReference; lastKnownFileType = folder; path = "::APP_FILE::/assets"; sourceTree = "<group>"; };
		1EEEBA9A121AF1C60048A9DF /* UIKit.framework */ = {isa = PBXFileReference; lastKnownFileType = wrapper.framework; name = UIKit.framework; path = System/Library/Frameworks/UIKit.framework; sourceTree = SDKROOT; };
		1EEEBAA2121AF2210048A9DF /* OpenAL.framework */ = {isa = PBXFileReference; lastKnownFileType = wrapper.framework; name = OpenAL.framework; path = System/Library/Frameworks/OpenAL.framework; sourceTree = SDKROOT; };
		1EEEBAA4121AF2210048A9DF /* OpenGLES.framework */ = {isa = PBXFileReference; lastKnownFileType = wrapper.framework; name = OpenGLES.framework; path = System/Library/Frameworks/OpenGLES.framework; sourceTree = SDKROOT; };
		1EEEBAA6121AF2210048A9DF /* QuartzCore.framework */ = {isa = PBXFileReference; lastKnownFileType = wrapper.framework; name = QuartzCore.framework; path = System/Library/Frameworks/QuartzCore.framework; sourceTree = SDKROOT; };
		1EEEBAB2121AF2880048A9DF /* CoreAudio.framework */ = {isa = PBXFileReference; lastKnownFileType = wrapper.framework; name = CoreAudio.framework; path = System/Library/Frameworks/CoreAudio.framework; sourceTree = SDKROOT; };
		1EEEBAB4121AF2880048A9DF /* CoreGraphics.framework */ = {isa = PBXFileReference; lastKnownFileType = wrapper.framework; name = CoreGraphics.framework; path = System/Library/Frameworks/CoreGraphics.framework; sourceTree = SDKROOT; };
		1EEEBAFB121BE2980048A9DF /* AudioToolbox.framework */ = {isa = PBXFileReference; lastKnownFileType = wrapper.framework; name = AudioToolbox.framework; path = System/Library/Frameworks/AudioToolbox.framework; sourceTree = SDKROOT; };
		1EEEBAFD121BE2980048A9DF /* AVFoundation.framework */ = {isa = PBXFileReference; lastKnownFileType = wrapper.framework; name = AVFoundation.framework; path = System/Library/Frameworks/AVFoundation.framework; sourceTree = SDKROOT; };
		1EEEBAFF121BE2B30048A9DF /* Foundation.framework */ = {isa = PBXFileReference; lastKnownFileType = wrapper.framework; name = Foundation.framework; path = System/Library/Frameworks/Foundation.framework; sourceTree = SDKROOT; };
		::if (HAS_ICON)::
        1EF0A83900000001C0000001 = {isa = PBXFileReference; lastKnownFileType = image.png; path = "::APP_FILE::/Icon.png"; sourceTree = SOURCE_ROOT; };
        1EF0A83900000001C0000002 = {isa = PBXFileReference; lastKnownFileType = image.png; path = "::APP_FILE::/Icon@2x.png"; sourceTree = SOURCE_ROOT; };
        1EF0A83900000001C0000003 = {isa = PBXFileReference; lastKnownFileType = image.png; path = "::APP_FILE::/Icon-72.png"; sourceTree = SOURCE_ROOT; };
        1EF0A83900000001C0000004 = {isa = PBXFileReference; lastKnownFileType = image.png; path = "::APP_FILE::/Icon-72@2x.png"; sourceTree = SOURCE_ROOT; };
		::end::
		::if (HAS_LAUNCH_IMAGE)::
        1EF0A83900000001C0000005 = {isa = PBXFileReference; lastKnownFileType = image.png; path = "::APP_FILE::/Default.png"; sourceTree = SOURCE_ROOT; };
        1EF0A83900000001C0000006 = {isa = PBXFileReference; lastKnownFileType = image.png; path = "::APP_FILE::/Default@2x.png"; sourceTree = SOURCE_ROOT; };
        1EF0A83900000001C0000007 = {isa = PBXFileReference; lastKnownFileType = image.png; path = "::APP_FILE::/Default-Portrait~ipad.png"; sourceTree = SOURCE_ROOT; };
        1EF0A83900000001C0000008 = {isa = PBXFileReference; lastKnownFileType = image.png; path = "::APP_FILE::/Default-Portrait@2x~ipad.png"; sourceTree = SOURCE_ROOT; };
        1EF0A83900000001C0000009 = {isa = PBXFileReference; lastKnownFileType = image.png; path = "::APP_FILE::/Default-Landscape~ipad.png"; sourceTree = SOURCE_ROOT; };
        1EF0A83900000001C0000010 = {isa = PBXFileReference; lastKnownFileType = image.png; path = "::APP_FILE::/Default-Landscape@2x~ipad.png"; sourceTree = SOURCE_ROOT; };
		::end::
        1EF0A839121ADB8E003F2F59 /* Main.mm */ = {isa = PBXFileReference; fileEncoding = 4; lastKnownFileType = sourcecode.cpp.cpp; name = Main.mm; path = "::APP_FILE::/Classes/Main.mm"; sourceTree = SOURCE_ROOT; };
		1E2E17A5141E8B5D0048F3C7 /* haxe */ = {isa = PBXFileReference; lastKnownFileType = folder; path = "::APP_FILE::/haxe/build"; sourceTree = SOURCE_ROOT; };
		::ADDL_PBX_FILE_REFERENCE::

		8D1107310486CEB800E47090 /* ::APP_FILE::-Info.plist */ = {isa = PBXFileReference; fileEncoding = 4; lastKnownFileType = text.plist.xml; path = "::APP_FILE::/::APP_FILE::-Info.plist"; plistStructureDefinitionIdentifier = "com.apple.xcode.plist.structure-definition.iphone.info-plist"; sourceTree = "<group>"; };
/* End PBXFileReference section */


/* Begin PBXFrameworksBuildPhase section */
		1D60588F0D05DD3D006BFB54 /* Frameworks */ = {
			isa = PBXFrameworksBuildPhase;
			buildActionMask = 2147483647;
			files = (
				::if ARMV6::1EF0A888121AE2F0003F2F59 /* lib/ApplicationMain.a in lib */,::end::
				::if ARMV7::1EF0A888121AE2F0003F2F5A /* lib/ApplicationMain-v7.a in lib */,::end::
				1EEEBA9B121AF1C60048A9DF /* UIKit.framework in Frameworks */,
				1EEEBAA3121AF2210048A9DF /* OpenAL.framework in Frameworks */,
				1EEEBAA5121AF2210048A9DF /* OpenGLES.framework in Frameworks */,
				1EEEBAA7121AF2210048A9DF /* QuartzCore.framework in Frameworks */,
				1EEEBAB3121AF2880048A9DF /* CoreAudio.framework in Frameworks */,
				1EEEBAB5121AF2880048A9DF /* CoreGraphics.framework in Frameworks */,
				1EEEBAFC121BE2980048A9DF /* AudioToolbox.framework in Frameworks */,
				1EEEBAFE121BE2980048A9DF /* AVFoundation.framework in Frameworks */,
				1EEEBB00121BE2B30048A9DF /* Foundation.framework in Frameworks */,
				::ADDL_PBX_FRAMEWORKS_BUILD_PHASE::
			);
			runOnlyForDeploymentPostprocessing = 0;
		};
/* End PBXFrameworksBuildPhase section */

/* Begin PBXGroup section */
		080E96DDFE201D6D7F000001 /* Classes */ = {
			isa = PBXGroup;
			children = (
				1EF0A839121ADB8E003F2F59 /* Main.mm */,
			);
			path = Classes;
			sourceTree = "<group>";
		};
		19C28FACFE9D520D11CA2CBB /* Products */ = {
			isa = PBXGroup;
			children = (
				1D6058910D05DD3D006BFB54 /* "::APP_TITLE::.app" */,
			);
			name = Products;
			sourceTree = "<group>";
		};
		1EEEBA99121AF18B0048A9DF /* Frameworks */ = {
			isa = PBXGroup;
			children = (
				1EEEBA9A121AF1C60048A9DF /* UIKit.framework */,
				1EEEBAA2121AF2210048A9DF /* OpenAL.framework */,
				1EEEBAA4121AF2210048A9DF /* OpenGLES.framework */,
				1EEEBAA6121AF2210048A9DF /* QuartzCore.framework */,
				1EEEBAB2121AF2880048A9DF /* CoreAudio.framework */,
				1EEEBAB4121AF2880048A9DF /* CoreGraphics.framework */,
				1EEEBAFF121BE2B30048A9DF /* Foundation.framework */,
				1EEEBAFB121BE2980048A9DF /* AudioToolbox.framework */,
				1EEEBAFD121BE2980048A9DF /* AVFoundation.framework */,
				::ADDL_PBX_FRAMEWORK_GROUP::
			);
			name = Frameworks;
			sourceTree = "<group>";
		};

		29B97314FDCFA39411CA2CEA /* CustomTemplate */ = {
			isa = PBXGroup;
			children = (
				1EEEBA99121AF18B0048A9DF /* Frameworks */,
				080E96DDFE201D6D7F000001 /* Classes */,
				29B97315FDCFA39411CA2CEA /* Other Sources */,
				29B97317FDCFA39411CA2CEA /* Resources */,
				19C28FACFE9D520D11CA2CBB /* Products */,
			);
			name = CustomTemplate;
			sourceTree = "<group>";
		};
		29B97315FDCFA39411CA2CEA /* Other Sources */ = {
			isa = PBXGroup;
			children = (
				1E2E17A5141E8B5D0048F3C7 /* haxe */,
			);
			name = "Other Sources";
			sourceTree = "<group>";
		};
		29B97317FDCFA39411CA2CEA /* Resources */ = {
			isa = PBXGroup;
			children = (
                8D1107310486CEB800E47090 /* ::APP_FILE::-Info.plist */,
                1E2E17A5131E8B5D0048F3C7 /* assets */,
				::if (HAS_ICON)::
                1EF0A83900000001C0000001 /* Icon.png */,
                1EF0A83900000001C0000002 /* Icon@2x.png */,
                1EF0A83900000001C0000003 /* Icon-72.png */,
                1EF0A83900000001C0000004 /* Icon-72@2x.png */,
				::end::
				::if (HAS_LAUNCH_IMAGE)::
                1EF0A83900000001C0000005 /* Default.png */,
                1EF0A83900000001C0000006 /* Default@2x.png */,
                1EF0A83900000001C0000007 /* Default-Portrait~ipad.png */,
                1EF0A83900000001C0000008 /* Default-Portrait@2x~ipad.png */,
                1EF0A83900000001C0000009 /* Default-Landscape~ipad.png */,
                1EF0A83900000001C0000010 /* Default-Landscape@2x~ipad.png */,
				::end::
			);
			name = Resources;
			sourceTree = "<group>";
		};
/* End PBXGroup section */

/* Begin PBXNativeTarget section */
		1D6058900D05DD3D006BFB54 /* "::APP_TITLE::" */ = {
			isa = PBXNativeTarget;
			buildConfigurationList = 1D6058960D05DD3E006BFB54 /* Build configuration list for PBXNativeTarget "::APP_TITLE::" */;
			buildPhases = (
				1D60588D0D05DD3D006BFB54 /* Resources */,
				1D60588E0D05DD3D006BFB54 /* Sources */,
				1D60588F0D05DD3D006BFB54 /* Frameworks */,
			);
			buildRules = (
			);
			dependencies = (
				1EF0A883121AE1D2003F2F59 /* PBXTargetDependency */,
			);
			name = "::APP_FILE::"; /* HMMM */
			productName = "::APP_TITLE::";
			productReference = 1D6058910D05DD3D006BFB54 /* "::APP_TITLE::.app" */;
			productType = "com.apple.product-type.application";
		};
/* End PBXNativeTarget section */

/* Begin PBXLegacyTarget section */
		1EF0A87F121AE1CE003F2F59 /* Build Haxe */ = {
			isa = PBXLegacyTarget;
			buildArgumentsString = "";
			buildConfigurationList = 1EF0A885121AE21C003F2F59 /* Build configuration list for PBXLegacyTarget "Build Haxe" */;
			buildPhases = (
			);
			buildToolPath = make;
			buildWorkingDirectory = "::APP_FILE::/haxe";
			dependencies = (
			);
			name = "Build Haxe";
			passBuildSettingsInEnvironment = 1;
			productName = "Build Haxe";
		};
/* End PBXLegacyTarget section */

/* Begin PBXProject section */
		29B97313FDCFA39411CA2CEA /* Project object */ = {
			isa = PBXProject;
			buildConfigurationList = C01FCF4E08A954540054247B /* Build configuration list for PBXProject "::APP_TITLE::" */;
			compatibilityVersion = "Xcode 3.2";
			hasScannedForEncodings = 1;
			mainGroup = 29B97314FDCFA39411CA2CEA /* CustomTemplate */;
			projectDirPath = "";
			projectRoot = "";
			targets = (
				1D6058900D05DD3D006BFB54 /* "::APP_TITLE::" */,
				1EF0A87F121AE1CE003F2F59 /* Build Haxe */,
			);
		};
/* End PBXProject section */

/* Begin PBXResourcesBuildPhase section */
		1D60588D0D05DD3D006BFB54 /* Resources */ = {
			isa = PBXResourcesBuildPhase;
			buildActionMask = 2147483647;
			files = (
                1E2E17AD131E8B5D0048F3C7 /* assets in Resources */,
				::if (HAS_ICON)::
                1EF0A83A000000001C000001 /* Icon.png */,
                1EF0A83A000000001C000002 /* Icon@2x.png */,
                1EF0A83A000000001C000003 /* Icon-72.png */,
                1EF0A83A000000001C000004 /* Icon-72@2x.png */,
				::end::
				::if (HAS_LAUNCH_IMAGE)::
                1EF0A83A000000001C000005 /* Default.png */,
                1EF0A83A000000001C000006 /* Default@2x.png */,
                1EF0A83A000000001C000007 /* Default-Portrait~ipad.png */,
                1EF0A83A000000001C000008 /* Default-Portrait@2x~ipad.png */,
                1EF0A83A000000001C000009 /* Default-Landscape~ipad.png */,
                1EF0A83A000000001C000010 /* Default-Landscape@2x~ipad.png */,
				::end::
			);
			runOnlyForDeploymentPostprocessing = 0;
		};
/* End PBXResourcesBuildPhase section */

/* Begin PBXSourcesBuildPhase section */
		1D60588E0D05DD3D006BFB54 /* Sources */ = {
			isa = PBXSourcesBuildPhase;
			buildActionMask = 2147483647;
			files = (
				1EF0A83A121ADB8E003F2F59 /* Main.mm in Sources */,
			);
			runOnlyForDeploymentPostprocessing = 0;
		};
/* End PBXSourcesBuildPhase section */

/* Begin PBXTargetDependency section */
		1EF0A883121AE1D2003F2F59 /* PBXTargetDependency */ = {
			isa = PBXTargetDependency;
			target = 1EF0A87F121AE1CE003F2F59 /* Build Haxe */;
			targetProxy = 1EF0A882121AE1D2003F2F59 /* PBXContainerItemProxy */;
		};
/* End PBXTargetDependency section */

/* Begin XCBuildConfiguration section */
		C01FCF4F08A954540054247B /* Debug */ = {/* Build configuration list for PBXProject "::APP_TITLE::" */ 
			isa = XCBuildConfiguration;
			buildSettings = {
				ALWAYS_SEARCH_USER_PATHS = NO;
				ARCHS = ::CURRENT_ARCHS::;
				::if (OBJC_ARC)::
				CLANG_CXX_LANGUAGE_STANDARD = "gnu++0x";
				CLANG_ENABLE_OBJC_ARC = YES;
				CLANG_WARN__DUPLICATE_METHOD_MATCH = YES;
				::end::
				"CODE_SIGN_IDENTITY[sdk=iphoneos*]" = "";
				COPY_PHASE_STRIP = NO;
				GCC_C_LANGUAGE_STANDARD = gnu99;
				GCC_DYNAMIC_NO_PIC = NO;
				GCC_OPTIMIZATION_LEVEL = 0;
				GCC_PREPROCESSOR_DEFINITIONS = (
					"DEBUG=1",
					"$(inherited)",
				);
				GCC_SYMBOLS_PRIVATE_EXTERN = NO;
				GCC_WARN_ABOUT_RETURN_TYPE = YES;
				GCC_WARN_UNINITIALIZED_AUTOS = YES;
				GCC_WARN_UNUSED_VARIABLE = YES;
				IPHONEOS_DEPLOYMENT_TARGET = ::DEPLOYMENT::;
				SDKROOT = iphoneos;
				TARGETED_DEVICE_FAMILY = "::TARGET_DEVICES::";
            	::THUMB_SUPPORT::
				VALID_ARCHS = "::VALID_ARCHS::";
			};
			name = Debug;
		};
		C01FCF5008A954540054247B /* Release */ = {/* Build configuration list for PBXProject "::APP_TITLE::" */ 
			isa = XCBuildConfiguration;
			buildSettings = {
				ALWAYS_SEARCH_USER_PATHS = NO;
				ARCHS = ::CURRENT_ARCHS::;
				::if (OBJC_ARC)::
				CLANG_CXX_LANGUAGE_STANDARD = "gnu++0x";
				CLANG_ENABLE_OBJC_ARC = YES;
				CLANG_WARN__DUPLICATE_METHOD_MATCH = YES;
				::end::
				"CODE_SIGN_IDENTITY[sdk=iphoneos*]" = "";
				/* COMPRESS_PNG_FILES = NO; */
				COPY_PHASE_STRIP = YES;
				GCC_C_LANGUAGE_STANDARD = gnu99;
				/* GCC_ENABLE_SYMBOL_SEPARATION = YES; */
				GCC_WARN_ABOUT_RETURN_TYPE = YES;
				GCC_WARN_UNINITIALIZED_AUTOS = YES;
				GCC_WARN_UNUSED_VARIABLE = YES;
				IPHONEOS_DEPLOYMENT_TARGET = ::DEPLOYMENT::;
				OTHER_CFLAGS = "-DNS_BLOCK_ASSERTIONS=1";
				/* PRECOMPS_INCLUDE_HEADERS_FROM_BUILT_PRODUCTS_DIR = YES; */
				SDKROOT = iphoneos;
				TARGETED_DEVICE_FAMILY = "::TARGET_DEVICES::";
            	::THUMB_SUPPORT::
				VALID_ARCHS = "::VALID_ARCHS::";
				VALIDATE_PRODUCT = YES;
			};
			name = Release;
		};
		1D6058940D05DD3E006BFB54 /* Debug */ = {/* Build configuration list for PBXNativeTarget "::APP_TITLE::" */
			isa = XCBuildConfiguration;
			buildSettings = {
				GCC_PRECOMPILE_PREFIX_HEADER = YES;
				GCC_PREFIX_HEADER = "::APP_FILE::/::APP_FILE::-Prefix.pch";
				INFOPLIST_FILE = "::APP_FILE::/::APP_FILE::-Info.plist";
				PRODUCT_NAME = "$(TARGET_NAME)";
				WRAPPER_EXTENSION = app;

	            "LIBRARY_SEARCH_PATHS[arch=armv6]" = (
					"$(inherited)",
					"\"$(SRCROOT)/::APP_FILE::/lib/armv6-debug\"",
					"\"$(SRCROOT)/::APP_FILE::/lib/armv6\"",
				);
				"LIBRARY_SEARCH_PATHS[arch=armv7]" = (
					"$(inherited)",
					"\"$(SRCROOT)/::APP_FILE::/lib/armv7-debug\"",
					"\"$(SRCROOT)/::APP_FILE::/lib/armv7\"",
				);
				"LIBRARY_SEARCH_PATHS[sdk=iphonesimulator*]" = (
					"$(inherited)",
					"\"$(SRCROOT)/::APP_FILE::/lib/i386-debug\"",
					"\"$(SRCROOT)/::APP_FILE::/lib/i386\"",
				);
		        OTHER_LDFLAGS = (
					::foreach ndlls:: "-l::name::",
					::end::
					::foreach linkedLibraries:: "-l::__current__::",
					::end::
					"-lApplicationMain",
					::IOS_LINKER_FLAGS::
				);
			};
			name = Debug;
		};
		1D6058950D05DD3E006BFB54 /* Release */ = {/* Build configuration list for PBXNativeTarget "::APP_TITLE::" */
			isa = XCBuildConfiguration;
			buildSettings = {
				GCC_PRECOMPILE_PREFIX_HEADER = YES;
				GCC_PREFIX_HEADER = "::APP_FILE::/::APP_FILE::-Prefix.pch";
				INFOPLIST_FILE = "::APP_FILE::/::APP_FILE::-Info.plist";
				PRODUCT_NAME = "$(TARGET_NAME)";
				WRAPPER_EXTENSION = app;

            	"LIBRARY_SEARCH_PATHS[arch=armv6]" = (
					"$(inherited)",
					"\"$(SRCROOT)/::APP_FILE::/lib/armv6\"",
				);
				"LIBRARY_SEARCH_PATHS[arch=armv7]" = (
					"$(inherited)",
					"\"$(SRCROOT)/::APP_FILE::/lib/armv7\"",
				);
				"LIBRARY_SEARCH_PATHS[sdk=iphonesimulator*]" = (
					"$(inherited)",
					"\"$(SRCROOT)/::APP_FILE::/lib/i386\"",
				);
				OTHER_LDFLAGS = (
					::foreach ndlls:: "-l::name::",
					::end::
					::foreach linkedLibraries:: "-l::__current__::",
					::end::
					"-lApplicationMain",
					::IOS_LINKER_FLAGS::
				);
			};
			name = Release;
		};
		1EF0A880121AE1CE003F2F59 /* Debug */ = {/* Build configuration list for PBXLegacyTarget "Build Haxe" */
			isa = XCBuildConfiguration;
			buildSettings = {
				::if (OBJC_ARC)::
				CLANG_CXX_LANGUAGE_STANDARD = "gnu++0x";
				CLANG_ENABLE_OBJC_ARC = YES;
				CLANG_WARN__DUPLICATE_METHOD_MATCH = YES;
				::end::
				COPY_PHASE_STRIP = NO;
				GCC_C_LANGUAGE_STANDARD = gnu99;
				GCC_DYNAMIC_NO_PIC = NO;
				GCC_OPTIMIZATION_LEVEL = 0;
				GCC_PREPROCESSOR_DEFINITIONS = (
					"DEBUG=1",
					"$(inherited)",
				);
				GCC_SYMBOLS_PRIVATE_EXTERN = NO;
				GCC_WARN_ABOUT_RETURN_TYPE = YES;
				GCC_WARN_UNINITIALIZED_AUTOS = YES;
				GCC_WARN_UNUSED_VARIABLE = YES;
			};
			name = Debug;
		};
		1EF0A881121AE1CE003F2F59 /* Release */ = {/* Build configuration list for PBXLegacyTarget "Build Haxe" */
			isa = XCBuildConfiguration;
			buildSettings = {
				::if (OBJC_ARC)::
				CLANG_CXX_LANGUAGE_STANDARD = "gnu++0x";
				CLANG_ENABLE_OBJC_ARC = YES;
				CLANG_WARN__DUPLICATE_METHOD_MATCH = YES;
				::end::
				COPY_PHASE_STRIP = YES;
				GCC_C_LANGUAGE_STANDARD = gnu99;
				GCC_WARN_ABOUT_RETURN_TYPE = YES;
				GCC_WARN_UNINITIALIZED_AUTOS = YES;
				GCC_WARN_UNUSED_VARIABLE = YES;
                ZERO_LINK = NO;
			};
			name = Release;
		};
/* End XCBuildConfiguration section */

/* Begin XCConfigurationList section */
		C01FCF4E08A954540054247B /* Build configuration list for PBXProject "::APP_TITLE::" */ = {
			isa = XCConfigurationList;
			buildConfigurations = (
				C01FCF4F08A954540054247B /* Debug */,
				C01FCF5008A954540054247B /* Release */,
			);
			defaultConfigurationIsVisible = 0;
			defaultConfigurationName = Release;
		};
		1D6058960D05DD3E006BFB54 /* Build configuration list for PBXNativeTarget "::APP_TITLE::" */ = {
			isa = XCConfigurationList;
			buildConfigurations = (
				1D6058940D05DD3E006BFB54 /* Debug */,
				1D6058950D05DD3E006BFB54 /* Release */,
			);
			defaultConfigurationIsVisible = 0;
		};
		1EF0A885121AE21C003F2F59 /* Build configuration list for PBXLegacyTarget "Build Haxe" */ = {
			isa = XCConfigurationList;
			buildConfigurations = (
				1EF0A880121AE1CE003F2F59 /* Debug */,
				1EF0A881121AE1CE003F2F59 /* Release */,
			);
			defaultConfigurationIsVisible = 0;
		};
/* End XCConfigurationList section */
	}; /* end objects */
	rootObject = 29B97313FDCFA39411CA2CEA /* Project object */;
}
